
Microsoft Visual Studio Solution File, Format Version 12.00
# Visual Studio Version 17
VisualStudioVersion = 17.5.33502.453
MinimumVisualStudioVersion = 10.0.40219.1
Project("{8BC9CEB8-8B4A-11D0-8D11-00A0C91BC942}") = "structure", "structure\structure.vcxproj", "{7FD28D8D-F036-42AB-B957-D015D80D6530}"
EndProject
Global
	GlobalSection(SolutionConfigurationPlatforms) = preSolution
		Debug|x64 = Debug|x64
		Debug|x86 = Debug|x86
		Release|x64 = Release|x64
		Release|x86 = Release|x86
	EndGlobalSection
	GlobalSection(ProjectConfigurationPlatforms) = postSolution
		{7FD28D8D-F036-42AB-B957-D015D80D6530}.Debug|x64.ActiveCfg = Debug|x64
		{7FD28D8D-F036-42AB-B957-D015D80D6530}.Debug|x64.Build.0 = Debug|x64
		{7FD28D8D-F036-42AB-B957-D015D80D6530}.Debug|x86.ActiveCfg = Debug|Win32
		{7FD28D8D-F036-42AB-B957-D015D80D6530}.Debug|x86.Build.0 = Debug|Win32
		{7FD28D8D-F036-42AB-B957-D015D80D6530}.Release|x64.ActiveCfg = Release|x64
		{7FD28D8D-F036-42AB-B957-D015D80D6530}.Release|x64.Build.0 = Release|x64
		{7FD28D8D-F036-42AB-B957-D015D80D6530}.Release|x86.ActiveCfg = Release|Win32
		{7FD28D8D-F036-42AB-B957-D015D80D6530}.Release|x86.Build.0 = Release|Win32
	EndGlobalSection
	GlobalSection(SolutionProperties) = preSolution
		HideSolutionNode = FALSE
	EndGlobalSection
	GlobalSection(ExtensibilityGlobals) = postSolution
		SolutionGuid = {07AA8383-7F4A-4D1E-BAA2-8143097D0081}
	EndGlobalSection
EndGlobal
